
Microsoft Visual Studio Solution File, Format Version 12.00
# Visual Studio Version 16
VisualStudioVersion = 16.0.30320.27
MinimumVisualStudioVersion = 10.0.40219.1
Project("{9A19103F-16F7-4668-BE54-9A1E7A4F7556}") = "AzureFunctions", "AzureFunctions\AzureFunctions.csproj", "{FDA8EF41-3E4D-40B9-912B-F41374DB10DD}"
EndProject
Project("{9A19103F-16F7-4668-BE54-9A1E7A4F7556}") = "AzureFunctions.Tests", "AzureFunctions.Tests\AzureFunctions.Tests.csproj", "{A872A9C1-CBEF-4AE2-8126-1AAA58DDE35C}"
EndProject
Project("{FAE04EC0-301F-11D3-BF4B-00C04F79EFBC}") = "NoSqlDataAccess", "NoSqlDataAccess\NoSqlDataAccess.csproj", "{8F3C5D69-F642-4D03-B821-C0AB88582B40}"
EndProject
Project("{FAE04EC0-301F-11D3-BF4B-00C04F79EFBC}") = "Domain", "Domain\Domain.csproj", "{B0E46B48-3F8A-4B9C-9D88-788C0077D98B}"
EndProject
Global
	GlobalSection(SolutionConfigurationPlatforms) = preSolution
		Debug|Any CPU = Debug|Any CPU
		Release|Any CPU = Release|Any CPU
	EndGlobalSection
	GlobalSection(ProjectConfigurationPlatforms) = postSolution
		{FDA8EF41-3E4D-40B9-912B-F41374DB10DD}.Debug|Any CPU.ActiveCfg = Debug|Any CPU
		{FDA8EF41-3E4D-40B9-912B-F41374DB10DD}.Debug|Any CPU.Build.0 = Debug|Any CPU
		{FDA8EF41-3E4D-40B9-912B-F41374DB10DD}.Release|Any CPU.ActiveCfg = Release|Any CPU
		{FDA8EF41-3E4D-40B9-912B-F41374DB10DD}.Release|Any CPU.Build.0 = Release|Any CPU
		{A872A9C1-CBEF-4AE2-8126-1AAA58DDE35C}.Debug|Any CPU.ActiveCfg = Debug|Any CPU
		{A872A9C1-CBEF-4AE2-8126-1AAA58DDE35C}.Debug|Any CPU.Build.0 = Debug|Any CPU
		{A872A9C1-CBEF-4AE2-8126-1AAA58DDE35C}.Release|Any CPU.ActiveCfg = Release|Any CPU
		{A872A9C1-CBEF-4AE2-8126-1AAA58DDE35C}.Release|Any CPU.Build.0 = Release|Any CPU
		{8F3C5D69-F642-4D03-B821-C0AB88582B40}.Debug|Any CPU.ActiveCfg = Debug|Any CPU
		{8F3C5D69-F642-4D03-B821-C0AB88582B40}.Debug|Any CPU.Build.0 = Debug|Any CPU
		{8F3C5D69-F642-4D03-B821-C0AB88582B40}.Release|Any CPU.ActiveCfg = Release|Any CPU
		{8F3C5D69-F642-4D03-B821-C0AB88582B40}.Release|Any CPU.Build.0 = Release|Any CPU
		{B0E46B48-3F8A-4B9C-9D88-788C0077D98B}.Debug|Any CPU.ActiveCfg = Debug|Any CPU
		{B0E46B48-3F8A-4B9C-9D88-788C0077D98B}.Debug|Any CPU.Build.0 = Debug|Any CPU
		{B0E46B48-3F8A-4B9C-9D88-788C0077D98B}.Release|Any CPU.ActiveCfg = Release|Any CPU
		{B0E46B48-3F8A-4B9C-9D88-788C0077D98B}.Release|Any CPU.Build.0 = Release|Any CPU
	EndGlobalSection
	GlobalSection(SolutionProperties) = preSolution
		HideSolutionNode = FALSE
	EndGlobalSection
	GlobalSection(ExtensibilityGlobals) = postSolution
		SolutionGuid = {60576DAE-B0DF-4CE6-96C2-ACE3893D1F3A}
	EndGlobalSection
EndGlobal
